
Microsoft Visual Studio Solution File, Format Version 12.00
# Visual Studio Version 17
VisualStudioVersion = 17.13.35919.96 d17.13
MinimumVisualStudioVersion = 10.0.40219.1
Project("{FAE04EC0-301F-11D3-BF4B-00C04F79EFBC}") = "LabWork46", "LabWork46\LabWork46.csproj", "{3FE7C67A-74EF-4B40-97D8-B54C7CD665F5}"
EndProject
Project("{FAE04EC0-301F-11D3-BF4B-00C04F79EFBC}") = "DBLibrary", "DBlibrary\DBLibrary.csproj", "{1D290CC1-203D-494B-AFAB-CE4F11BA7779}"
EndProject
Global
	GlobalSection(SolutionConfigurationPlatforms) = preSolution
		Debug|Any CPU = Debug|Any CPU
		Release|Any CPU = Release|Any CPU
	EndGlobalSection
	GlobalSection(ProjectConfigurationPlatforms) = postSolution
		{3FE7C67A-74EF-4B40-97D8-B54C7CD665F5}.Debug|Any CPU.ActiveCfg = Debug|Any CPU
		{3FE7C67A-74EF-4B40-97D8-B54C7CD665F5}.Debug|Any CPU.Build.0 = Debug|Any CPU
		{3FE7C67A-74EF-4B40-97D8-B54C7CD665F5}.Release|Any CPU.ActiveCfg = Release|Any CPU
		{3FE7C67A-74EF-4B40-97D8-B54C7CD665F5}.Release|Any CPU.Build.0 = Release|Any CPU
		{1D290CC1-203D-494B-AFAB-CE4F11BA7779}.Debug|Any CPU.ActiveCfg = Debug|Any CPU
		{1D290CC1-203D-494B-AFAB-CE4F11BA7779}.Debug|Any CPU.Build.0 = Debug|Any CPU
		{1D290CC1-203D-494B-AFAB-CE4F11BA7779}.Release|Any CPU.ActiveCfg = Release|Any CPU
		{1D290CC1-203D-494B-AFAB-CE4F11BA7779}.Release|Any CPU.Build.0 = Release|Any CPU
	EndGlobalSection
	GlobalSection(SolutionProperties) = preSolution
		HideSolutionNode = FALSE
	EndGlobalSection
	GlobalSection(ExtensibilityGlobals) = postSolution
		SolutionGuid = {221AD576-49D9-4582-AD40-DD94E83FE08D}
	EndGlobalSection
EndGlobal
