
Microsoft Visual Studio Solution File, Format Version 12.00
# Visual Studio Version 17
VisualStudioVersion = 17.14.36127.28 d17.14
MinimumVisualStudioVersion = 10.0.40219.1
Project("{FAE04EC0-301F-11D3-BF4B-00C04F79EFBC}") = "LabWork40", "LabWork40\LabWork40.csproj", "{ECA6108E-FD86-4D71-B56C-167103CCBFDE}"
EndProject
Project("{FAE04EC0-301F-11D3-BF4B-00C04F79EFBC}") = "Task2", "Task2\Task2.csproj", "{40B788D6-8650-4436-8486-9C9F6EB914A2}"
EndProject
Project("{FAE04EC0-301F-11D3-BF4B-00C04F79EFBC}") = "Task3", "Task3\Task3.csproj", "{9C2B2AFA-7E05-4B85-982D-30C8A16E669F}"
EndProject
Project("{FAE04EC0-301F-11D3-BF4B-00C04F79EFBC}") = "Task4", "Task4\Task4.csproj", "{63C8E7A0-A6D5-459E-9D7E-1F706DACC881}"
EndProject
Global
	GlobalSection(SolutionConfigurationPlatforms) = preSolution
		Debug|Any CPU = Debug|Any CPU
		Release|Any CPU = Release|Any CPU
	EndGlobalSection
	GlobalSection(ProjectConfigurationPlatforms) = postSolution
		{ECA6108E-FD86-4D71-B56C-167103CCBFDE}.Debug|Any CPU.ActiveCfg = Debug|Any CPU
		{ECA6108E-FD86-4D71-B56C-167103CCBFDE}.Debug|Any CPU.Build.0 = Debug|Any CPU
		{ECA6108E-FD86-4D71-B56C-167103CCBFDE}.Release|Any CPU.ActiveCfg = Release|Any CPU
		{ECA6108E-FD86-4D71-B56C-167103CCBFDE}.Release|Any CPU.Build.0 = Release|Any CPU
		{40B788D6-8650-4436-8486-9C9F6EB914A2}.Debug|Any CPU.ActiveCfg = Debug|Any CPU
		{40B788D6-8650-4436-8486-9C9F6EB914A2}.Debug|Any CPU.Build.0 = Debug|Any CPU
		{40B788D6-8650-4436-8486-9C9F6EB914A2}.Release|Any CPU.ActiveCfg = Release|Any CPU
		{40B788D6-8650-4436-8486-9C9F6EB914A2}.Release|Any CPU.Build.0 = Release|Any CPU
		{9C2B2AFA-7E05-4B85-982D-30C8A16E669F}.Debug|Any CPU.ActiveCfg = Debug|Any CPU
		{9C2B2AFA-7E05-4B85-982D-30C8A16E669F}.Debug|Any CPU.Build.0 = Debug|Any CPU
		{9C2B2AFA-7E05-4B85-982D-30C8A16E669F}.Release|Any CPU.ActiveCfg = Release|Any CPU
		{9C2B2AFA-7E05-4B85-982D-30C8A16E669F}.Release|Any CPU.Build.0 = Release|Any CPU
		{63C8E7A0-A6D5-459E-9D7E-1F706DACC881}.Debug|Any CPU.ActiveCfg = Debug|Any CPU
		{63C8E7A0-A6D5-459E-9D7E-1F706DACC881}.Debug|Any CPU.Build.0 = Debug|Any CPU
		{63C8E7A0-A6D5-459E-9D7E-1F706DACC881}.Release|Any CPU.ActiveCfg = Release|Any CPU
		{63C8E7A0-A6D5-459E-9D7E-1F706DACC881}.Release|Any CPU.Build.0 = Release|Any CPU
	EndGlobalSection
	GlobalSection(SolutionProperties) = preSolution
		HideSolutionNode = FALSE
	EndGlobalSection
	GlobalSection(ExtensibilityGlobals) = postSolution
		SolutionGuid = {9A817A0F-7E2C-4593-A849-2826CD0DB220}
	EndGlobalSection
EndGlobal
