
Microsoft Visual Studio Solution File, Format Version 12.00
# Visual Studio Version 17
VisualStudioVersion = 17.13.35919.96
MinimumVisualStudioVersion = 10.0.40219.1
Project("{FAE04EC0-301F-11D3-BF4B-00C04F79EFBC}") = "CookieClicker", "LabWork43\CookieClicker.csproj", "{7E860F5D-D460-4923-BF94-86B0C7FDA732}"
EndProject
Project("{FAE04EC0-301F-11D3-BF4B-00C04F79EFBC}") = "Shooter", "Shooter\Shooter.csproj", "{F320859D-14D1-4277-83C4-AAD648C62E62}"
EndProject
Global
	GlobalSection(SolutionConfigurationPlatforms) = preSolution
		Debug|Any CPU = Debug|Any CPU
		Release|Any CPU = Release|Any CPU
	EndGlobalSection
	GlobalSection(ProjectConfigurationPlatforms) = postSolution
		{7E860F5D-D460-4923-BF94-86B0C7FDA732}.Debug|Any CPU.ActiveCfg = Debug|Any CPU
		{7E860F5D-D460-4923-BF94-86B0C7FDA732}.Debug|Any CPU.Build.0 = Debug|Any CPU
		{7E860F5D-D460-4923-BF94-86B0C7FDA732}.Release|Any CPU.ActiveCfg = Release|Any CPU
		{7E860F5D-D460-4923-BF94-86B0C7FDA732}.Release|Any CPU.Build.0 = Release|Any CPU
		{F320859D-14D1-4277-83C4-AAD648C62E62}.Debug|Any CPU.ActiveCfg = Debug|Any CPU
		{F320859D-14D1-4277-83C4-AAD648C62E62}.Debug|Any CPU.Build.0 = Debug|Any CPU
		{F320859D-14D1-4277-83C4-AAD648C62E62}.Release|Any CPU.ActiveCfg = Release|Any CPU
		{F320859D-14D1-4277-83C4-AAD648C62E62}.Release|Any CPU.Build.0 = Release|Any CPU
	EndGlobalSection
	GlobalSection(SolutionProperties) = preSolution
		HideSolutionNode = FALSE
	EndGlobalSection
	GlobalSection(ExtensibilityGlobals) = postSolution
		SolutionGuid = {FB889E1A-8020-4179-B574-E53DD6706F14}
	EndGlobalSection
EndGlobal
