
Microsoft Visual Studio Solution File, Format Version 12.00
# Visual Studio Version 17
VisualStudioVersion = 17.13.35919.96
MinimumVisualStudioVersion = 10.0.40219.1
Project("{FAE04EC0-301F-11D3-BF4B-00C04F79EFBC}") = "DbLibrary", "DbLibrary\DbLibrary.csproj", "{7566985C-ADD9-4561-9005-A8F8F4FE4189}"
EndProject
Project("{FAE04EC0-301F-11D3-BF4B-00C04F79EFBC}") = "TestConsoleApp", "TestConsoleApp\TestConsoleApp.csproj", "{AB32C503-CA35-4514-B94F-FA7BF346335D}"
EndProject
Project("{FAE04EC0-301F-11D3-BF4B-00C04F79EFBC}") = "TestWebApplication", "TestWebApplication\TestWebApplication.csproj", "{4F36EA36-0F95-4475-8986-7EA82EC83E45}"
EndProject
Project("{FAE04EC0-301F-11D3-BF4B-00C04F79EFBC}") = "TestConsoleApp1", "TestConsoleApp1\TestConsoleApp1.csproj", "{3B4C112E-C6D7-4FF6-9969-B88333846DE4}"
EndProject
Project("{FAE04EC0-301F-11D3-BF4B-00C04F79EFBC}") = "ApiService", "ApiService\ApiService.csproj", "{ADF568E7-1C55-472D-BE1F-7E77B1C227F0}"
EndProject
Project("{FAE04EC0-301F-11D3-BF4B-00C04F79EFBC}") = "TestApiConsoleApp", "TestApiConsoleApp\TestApiConsoleApp.csproj", "{B2D17E30-3309-4475-A0A4-20826972F96C}"
EndProject
Project("{FAE04EC0-301F-11D3-BF4B-00C04F79EFBC}") = "TestPagesWeb", "TestPagesWeb\TestPagesWeb.csproj", "{0834837B-2C65-4633-B1C1-F4C266FBEAE2}"
EndProject
Global
	GlobalSection(SolutionConfigurationPlatforms) = preSolution
		Debug|Any CPU = Debug|Any CPU
		Release|Any CPU = Release|Any CPU
	EndGlobalSection
	GlobalSection(ProjectConfigurationPlatforms) = postSolution
		{7566985C-ADD9-4561-9005-A8F8F4FE4189}.Debug|Any CPU.ActiveCfg = Debug|Any CPU
		{7566985C-ADD9-4561-9005-A8F8F4FE4189}.Debug|Any CPU.Build.0 = Debug|Any CPU
		{7566985C-ADD9-4561-9005-A8F8F4FE4189}.Release|Any CPU.ActiveCfg = Release|Any CPU
		{7566985C-ADD9-4561-9005-A8F8F4FE4189}.Release|Any CPU.Build.0 = Release|Any CPU
		{AB32C503-CA35-4514-B94F-FA7BF346335D}.Debug|Any CPU.ActiveCfg = Debug|Any CPU
		{AB32C503-CA35-4514-B94F-FA7BF346335D}.Debug|Any CPU.Build.0 = Debug|Any CPU
		{AB32C503-CA35-4514-B94F-FA7BF346335D}.Release|Any CPU.ActiveCfg = Release|Any CPU
		{AB32C503-CA35-4514-B94F-FA7BF346335D}.Release|Any CPU.Build.0 = Release|Any CPU
		{4F36EA36-0F95-4475-8986-7EA82EC83E45}.Debug|Any CPU.ActiveCfg = Debug|Any CPU
		{4F36EA36-0F95-4475-8986-7EA82EC83E45}.Debug|Any CPU.Build.0 = Debug|Any CPU
		{4F36EA36-0F95-4475-8986-7EA82EC83E45}.Release|Any CPU.ActiveCfg = Release|Any CPU
		{4F36EA36-0F95-4475-8986-7EA82EC83E45}.Release|Any CPU.Build.0 = Release|Any CPU
		{3B4C112E-C6D7-4FF6-9969-B88333846DE4}.Debug|Any CPU.ActiveCfg = Debug|Any CPU
		{3B4C112E-C6D7-4FF6-9969-B88333846DE4}.Debug|Any CPU.Build.0 = Debug|Any CPU
		{3B4C112E-C6D7-4FF6-9969-B88333846DE4}.Release|Any CPU.ActiveCfg = Release|Any CPU
		{3B4C112E-C6D7-4FF6-9969-B88333846DE4}.Release|Any CPU.Build.0 = Release|Any CPU
		{ADF568E7-1C55-472D-BE1F-7E77B1C227F0}.Debug|Any CPU.ActiveCfg = Debug|Any CPU
		{ADF568E7-1C55-472D-BE1F-7E77B1C227F0}.Debug|Any CPU.Build.0 = Debug|Any CPU
		{ADF568E7-1C55-472D-BE1F-7E77B1C227F0}.Release|Any CPU.ActiveCfg = Release|Any CPU
		{ADF568E7-1C55-472D-BE1F-7E77B1C227F0}.Release|Any CPU.Build.0 = Release|Any CPU
		{B2D17E30-3309-4475-A0A4-20826972F96C}.Debug|Any CPU.ActiveCfg = Debug|Any CPU
		{B2D17E30-3309-4475-A0A4-20826972F96C}.Debug|Any CPU.Build.0 = Debug|Any CPU
		{B2D17E30-3309-4475-A0A4-20826972F96C}.Release|Any CPU.ActiveCfg = Release|Any CPU
		{B2D17E30-3309-4475-A0A4-20826972F96C}.Release|Any CPU.Build.0 = Release|Any CPU
		{0834837B-2C65-4633-B1C1-F4C266FBEAE2}.Debug|Any CPU.ActiveCfg = Debug|Any CPU
		{0834837B-2C65-4633-B1C1-F4C266FBEAE2}.Debug|Any CPU.Build.0 = Debug|Any CPU
		{0834837B-2C65-4633-B1C1-F4C266FBEAE2}.Release|Any CPU.ActiveCfg = Release|Any CPU
		{0834837B-2C65-4633-B1C1-F4C266FBEAE2}.Release|Any CPU.Build.0 = Release|Any CPU
	EndGlobalSection
	GlobalSection(SolutionProperties) = preSolution
		HideSolutionNode = FALSE
	EndGlobalSection
	GlobalSection(ExtensibilityGlobals) = postSolution
		SolutionGuid = {5BE9FD15-2142-4C16-8BE0-5B36520EA4D7}
	EndGlobalSection
EndGlobal
