
Microsoft Visual Studio Solution File, Format Version 12.00
# Visual Studio Version 17
VisualStudioVersion = 17.12.35527.113
MinimumVisualStudioVersion = 10.0.40219.1
Project("{FAE04EC0-301F-11D3-BF4B-00C04F79EFBC}") = "Task1", "Task1\Task1.csproj", "{88E956EC-E3CC-4B60-8DDD-268ED644B2BC}"
EndProject
Project("{FAE04EC0-301F-11D3-BF4B-00C04F79EFBC}") = "Task2", "Task2\Task2.csproj", "{5A1CDAA6-598C-49C1-832C-AEE0A54D2E60}"
EndProject
Project("{FAE04EC0-301F-11D3-BF4B-00C04F79EFBC}") = "Task3", "Task3\Task3.csproj", "{938CF3E0-2477-4999-A480-EEB2DC6609ED}"
EndProject
Project("{FAE04EC0-301F-11D3-BF4B-00C04F79EFBC}") = "Task4", "Task4\Task4.csproj", "{F8530514-20D9-4BB2-8A0A-70F9FB68402A}"
EndProject
Project("{FAE04EC0-301F-11D3-BF4B-00C04F79EFBC}") = "Task5", "Task5\Task5.csproj", "{377C3333-9E7D-41F9-A8E2-18EAF1D5EBC4}"
EndProject
Global
	GlobalSection(SolutionConfigurationPlatforms) = preSolution
		Debug|Any CPU = Debug|Any CPU
		Release|Any CPU = Release|Any CPU
	EndGlobalSection
	GlobalSection(ProjectConfigurationPlatforms) = postSolution
		{88E956EC-E3CC-4B60-8DDD-268ED644B2BC}.Debug|Any CPU.ActiveCfg = Debug|Any CPU
		{88E956EC-E3CC-4B60-8DDD-268ED644B2BC}.Debug|Any CPU.Build.0 = Debug|Any CPU
		{88E956EC-E3CC-4B60-8DDD-268ED644B2BC}.Release|Any CPU.ActiveCfg = Release|Any CPU
		{88E956EC-E3CC-4B60-8DDD-268ED644B2BC}.Release|Any CPU.Build.0 = Release|Any CPU
		{5A1CDAA6-598C-49C1-832C-AEE0A54D2E60}.Debug|Any CPU.ActiveCfg = Debug|Any CPU
		{5A1CDAA6-598C-49C1-832C-AEE0A54D2E60}.Debug|Any CPU.Build.0 = Debug|Any CPU
		{5A1CDAA6-598C-49C1-832C-AEE0A54D2E60}.Release|Any CPU.ActiveCfg = Release|Any CPU
		{5A1CDAA6-598C-49C1-832C-AEE0A54D2E60}.Release|Any CPU.Build.0 = Release|Any CPU
		{938CF3E0-2477-4999-A480-EEB2DC6609ED}.Debug|Any CPU.ActiveCfg = Debug|Any CPU
		{938CF3E0-2477-4999-A480-EEB2DC6609ED}.Debug|Any CPU.Build.0 = Debug|Any CPU
		{938CF3E0-2477-4999-A480-EEB2DC6609ED}.Release|Any CPU.ActiveCfg = Release|Any CPU
		{938CF3E0-2477-4999-A480-EEB2DC6609ED}.Release|Any CPU.Build.0 = Release|Any CPU
		{F8530514-20D9-4BB2-8A0A-70F9FB68402A}.Debug|Any CPU.ActiveCfg = Debug|Any CPU
		{F8530514-20D9-4BB2-8A0A-70F9FB68402A}.Debug|Any CPU.Build.0 = Debug|Any CPU
		{F8530514-20D9-4BB2-8A0A-70F9FB68402A}.Release|Any CPU.ActiveCfg = Release|Any CPU
		{F8530514-20D9-4BB2-8A0A-70F9FB68402A}.Release|Any CPU.Build.0 = Release|Any CPU
		{377C3333-9E7D-41F9-A8E2-18EAF1D5EBC4}.Debug|Any CPU.ActiveCfg = Debug|Any CPU
		{377C3333-9E7D-41F9-A8E2-18EAF1D5EBC4}.Debug|Any CPU.Build.0 = Debug|Any CPU
		{377C3333-9E7D-41F9-A8E2-18EAF1D5EBC4}.Release|Any CPU.ActiveCfg = Release|Any CPU
		{377C3333-9E7D-41F9-A8E2-18EAF1D5EBC4}.Release|Any CPU.Build.0 = Release|Any CPU
	EndGlobalSection
	GlobalSection(SolutionProperties) = preSolution
		HideSolutionNode = FALSE
	EndGlobalSection
EndGlobal
