
Microsoft Visual Studio Solution File, Format Version 12.00
# Visual Studio Version 17
VisualStudioVersion = 17.12.35527.113 d17.12
MinimumVisualStudioVersion = 10.0.40219.1
Project("{FAE04EC0-301F-11D3-BF4B-00C04F79EFBC}") = "Task1", "PractWork1\Task1.csproj", "{65496139-514B-44A9-8059-454138AD77EF}"
EndProject
Project("{FAE04EC0-301F-11D3-BF4B-00C04F79EFBC}") = "Task2", "Task2\Task2.csproj", "{565FE8A7-DDFD-41BB-A15E-5259E8838750}"
EndProject
Project("{FAE04EC0-301F-11D3-BF4B-00C04F79EFBC}") = "Task3", "Task3\Task3.csproj", "{A3B073CE-18A8-4162-BDDF-E4AB85F42188}"
EndProject
Project("{FAE04EC0-301F-11D3-BF4B-00C04F79EFBC}") = "Task4", "Task4\Task4.csproj", "{CE304FD5-6F75-4F7C-9CDB-C6B6C4EB774D}"
EndProject
Global
	GlobalSection(SolutionConfigurationPlatforms) = preSolution
		Debug|Any CPU = Debug|Any CPU
		Release|Any CPU = Release|Any CPU
	EndGlobalSection
	GlobalSection(ProjectConfigurationPlatforms) = postSolution
		{65496139-514B-44A9-8059-454138AD77EF}.Debug|Any CPU.ActiveCfg = Debug|Any CPU
		{65496139-514B-44A9-8059-454138AD77EF}.Debug|Any CPU.Build.0 = Debug|Any CPU
		{65496139-514B-44A9-8059-454138AD77EF}.Release|Any CPU.ActiveCfg = Release|Any CPU
		{65496139-514B-44A9-8059-454138AD77EF}.Release|Any CPU.Build.0 = Release|Any CPU
		{565FE8A7-DDFD-41BB-A15E-5259E8838750}.Debug|Any CPU.ActiveCfg = Debug|Any CPU
		{565FE8A7-DDFD-41BB-A15E-5259E8838750}.Debug|Any CPU.Build.0 = Debug|Any CPU
		{565FE8A7-DDFD-41BB-A15E-5259E8838750}.Release|Any CPU.ActiveCfg = Release|Any CPU
		{565FE8A7-DDFD-41BB-A15E-5259E8838750}.Release|Any CPU.Build.0 = Release|Any CPU
		{A3B073CE-18A8-4162-BDDF-E4AB85F42188}.Debug|Any CPU.ActiveCfg = Debug|Any CPU
		{A3B073CE-18A8-4162-BDDF-E4AB85F42188}.Debug|Any CPU.Build.0 = Debug|Any CPU
		{A3B073CE-18A8-4162-BDDF-E4AB85F42188}.Release|Any CPU.ActiveCfg = Release|Any CPU
		{A3B073CE-18A8-4162-BDDF-E4AB85F42188}.Release|Any CPU.Build.0 = Release|Any CPU
		{CE304FD5-6F75-4F7C-9CDB-C6B6C4EB774D}.Debug|Any CPU.ActiveCfg = Debug|Any CPU
		{CE304FD5-6F75-4F7C-9CDB-C6B6C4EB774D}.Debug|Any CPU.Build.0 = Debug|Any CPU
		{CE304FD5-6F75-4F7C-9CDB-C6B6C4EB774D}.Release|Any CPU.ActiveCfg = Release|Any CPU
		{CE304FD5-6F75-4F7C-9CDB-C6B6C4EB774D}.Release|Any CPU.Build.0 = Release|Any CPU
	EndGlobalSection
	GlobalSection(SolutionProperties) = preSolution
		HideSolutionNode = FALSE
	EndGlobalSection
EndGlobal
